
Microsoft Visual Studio Solution File, Format Version 12.00
# Visual Studio Version 17
VisualStudioVersion = 17.8.34511.84
MinimumVisualStudioVersion = 10.0.40219.1
Project("{888888A0-9F3D-457C-B088-3A5042F75D52}") = "pythonProject2", "pythonProject2.pyproj", "{887D1C1E-B5EC-4B5D-9857-A4CD49C665A0}"
EndProject
Global
	GlobalSection(SolutionConfigurationPlatforms) = preSolution
		Debug|Any CPU = Debug|Any CPU
		Release|Any CPU = Release|Any CPU
	EndGlobalSection
	GlobalSection(ProjectConfigurationPlatforms) = postSolution
		{887D1C1E-B5EC-4B5D-9857-A4CD49C665A0}.Debug|Any CPU.ActiveCfg = Debug|Any CPU
		{887D1C1E-B5EC-4B5D-9857-A4CD49C665A0}.Release|Any CPU.ActiveCfg = Release|Any CPU
	EndGlobalSection
	GlobalSection(SolutionProperties) = preSolution
		HideSolutionNode = FALSE
	EndGlobalSection
	GlobalSection(ExtensibilityGlobals) = postSolution
		SolutionGuid = {BC0481F4-AA1A-447F-BE21-5CE51031CC3D}
	EndGlobalSection
EndGlobal
